// !$*UTF8*$!
{
	archiveVersion = 1;
	classes = {
	};
	objectVersion = 56;
	objects = {

/* Begin PBXBuildFile section */
		D41F4A9E2BF9AD750008985D /* SnowSeekerApp.swift in Sources */ = {isa = PBXBuildFile; fileRef = D41F4A9D2BF9AD750008985D /* SnowSeekerApp.swift */; };
		D41F4AA02BF9AD750008985D /* ContentView.swift in Sources */ = {isa = PBXBuildFile; fileRef = D41F4A9F2BF9AD750008985D /* ContentView.swift */; };
		D41F4AA22BF9AD770008985D /* Assets.xcassets in Resources */ = {isa = PBXBuildFile; fileRef = D41F4AA12BF9AD770008985D /* Assets.xcassets */; };
		D41F4AA52BF9AD770008985D /* Preview Assets.xcassets in Resources */ = {isa = PBXBuildFile; fileRef = D41F4AA42BF9AD770008985D /* Preview Assets.xcassets */; };
		D43DAC7B2BF9DE9A00CB23B6 /* resorts.json in Resources */ = {isa = PBXBuildFile; fileRef = D43DAC7A2BF9DE9A00CB23B6 /* resorts.json */; };
		D43DAC7D2BF9DFA000CB23B6 /* Resort.swift in Sources */ = {isa = PBXBuildFile; fileRef = D43DAC7C2BF9DFA000CB23B6 /* Resort.swift */; };
		D43DAC7F2BF9DFFB00CB23B6 /* Decodable.swift in Sources */ = {isa = PBXBuildFile; fileRef = D43DAC7E2BF9DFFB00CB23B6 /* Decodable.swift */; };
		D43DAC812BF9E7E000CB23B6 /* WelcomeView.swift in Sources */ = {isa = PBXBuildFile; fileRef = D43DAC802BF9E7E000CB23B6 /* WelcomeView.swift */; };
		D43DAC832BF9E85000CB23B6 /* ResortView.swift in Sources */ = {isa = PBXBuildFile; fileRef = D43DAC822BF9E85000CB23B6 /* ResortView.swift */; };
		D43DAC852BF9E9A500CB23B6 /* SkiDetailsView.swift in Sources */ = {isa = PBXBuildFile; fileRef = D43DAC842BF9E9A500CB23B6 /* SkiDetailsView.swift */; };
		D43DAC872BF9EBB400CB23B6 /* ResortDetailsView.swift in Sources */ = {isa = PBXBuildFile; fileRef = D43DAC862BF9EBB400CB23B6 /* ResortDetailsView.swift */; };
		D43DAC892BF9EE6D00CB23B6 /* Facility.swift in Sources */ = {isa = PBXBuildFile; fileRef = D43DAC882BF9EE6D00CB23B6 /* Facility.swift */; };
		D4E5C8B62BF9F425000F20DC /* Favorites.swift in Sources */ = {isa = PBXBuildFile; fileRef = D4E5C8B52BF9F425000F20DC /* Favorites.swift */; };
/* End PBXBuildFile section */

/* Begin PBXFileReference section */
		D41F4A9A2BF9AD750008985D /* SnowSeeker.app */ = {isa = PBXFileReference; explicitFileType = wrapper.application; includeInIndex = 0; path = SnowSeeker.app; sourceTree = BUILT_PRODUCTS_DIR; };
		D41F4A9D2BF9AD750008985D /* SnowSeekerApp.swift */ = {isa = PBXFileReference; lastKnownFileType = sourcecode.swift; path = SnowSeekerApp.swift; sourceTree = "<group>"; };
		D41F4A9F2BF9AD750008985D /* ContentView.swift */ = {isa = PBXFileReference; lastKnownFileType = sourcecode.swift; path = ContentView.swift; sourceTree = "<group>"; };
		D41F4AA12BF9AD770008985D /* Assets.xcassets */ = {isa = PBXFileReference; lastKnownFileType = folder.assetcatalog; path = Assets.xcassets; sourceTree = "<group>"; };
		D41F4AA42BF9AD770008985D /* Preview Assets.xcassets */ = {isa = PBXFileReference; lastKnownFileType = folder.assetcatalog; path = "Preview Assets.xcassets"; sourceTree = "<group>"; };
		D43DAC7A2BF9DE9A00CB23B6 /* resorts.json */ = {isa = PBXFileReference; fileEncoding = 4; lastKnownFileType = text.json; path = resorts.json; sourceTree = "<group>"; };
		D43DAC7C2BF9DFA000CB23B6 /* Resort.swift */ = {isa = PBXFileReference; lastKnownFileType = sourcecode.swift; path = Resort.swift; sourceTree = "<group>"; };
		D43DAC7E2BF9DFFB00CB23B6 /* Decodable.swift */ = {isa = PBXFileReference; lastKnownFileType = sourcecode.swift; path = Decodable.swift; sourceTree = "<group>"; };
		D43DAC802BF9E7E000CB23B6 /* WelcomeView.swift */ = {isa = PBXFileReference; lastKnownFileType = sourcecode.swift; path = WelcomeView.swift; sourceTree = "<group>"; };
		D43DAC822BF9E85000CB23B6 /* ResortView.swift */ = {isa = PBXFileReference; lastKnownFileType = sourcecode.swift; path = ResortView.swift; sourceTree = "<group>"; };
		D43DAC842BF9E9A500CB23B6 /* SkiDetailsView.swift */ = {isa = PBXFileReference; lastKnownFileType = sourcecode.swift; path = SkiDetailsView.swift; sourceTree = "<group>"; };
		D43DAC862BF9EBB400CB23B6 /* ResortDetailsView.swift */ = {isa = PBXFileReference; lastKnownFileType = sourcecode.swift; path = ResortDetailsView.swift; sourceTree = "<group>"; };
		D43DAC882BF9EE6D00CB23B6 /* Facility.swift */ = {isa = PBXFileReference; lastKnownFileType = sourcecode.swift; path = Facility.swift; sourceTree = "<group>"; };
		D4E5C8B52BF9F425000F20DC /* Favorites.swift */ = {isa = PBXFileReference; lastKnownFileType = sourcecode.swift; path = Favorites.swift; sourceTree = "<group>"; };
/* End PBXFileReference section */

/* Begin PBXFrameworksBuildPhase section */
		D41F4A972BF9AD750008985D /* Frameworks */ = {
			isa = PBXFrameworksBuildPhase;
			buildActionMask = 2147483647;
			files = (
			);
			runOnlyForDeploymentPostprocessing = 0;
		};
/* End PBXFrameworksBuildPhase section */

/* Begin PBXGroup section */
		D41F4A912BF9AD750008985D = {
			isa = PBXGroup;
			children = (
				D41F4A9C2BF9AD750008985D /* SnowSeeker */,
				D41F4A9B2BF9AD750008985D /* Products */,
			);
			sourceTree = "<group>";
		};
		D41F4A9B2BF9AD750008985D /* Products */ = {
			isa = PBXGroup;
			children = (
				D41F4A9A2BF9AD750008985D /* SnowSeeker.app */,
			);
			name = Products;
			sourceTree = "<group>";
		};
		D41F4A9C2BF9AD750008985D /* SnowSeeker */ = {
			isa = PBXGroup;
			children = (
				D43DAC7E2BF9DFFB00CB23B6 /* Decodable.swift */,
				D41F4A9D2BF9AD750008985D /* SnowSeekerApp.swift */,
				D41F4A9F2BF9AD750008985D /* ContentView.swift */,
				D43DAC882BF9EE6D00CB23B6 /* Facility.swift */,
				D43DAC842BF9E9A500CB23B6 /* SkiDetailsView.swift */,
				D43DAC802BF9E7E000CB23B6 /* WelcomeView.swift */,
				D43DAC7A2BF9DE9A00CB23B6 /* resorts.json */,
				D43DAC822BF9E85000CB23B6 /* ResortView.swift */,
				D4E5C8B52BF9F425000F20DC /* Favorites.swift */,
				D43DAC862BF9EBB400CB23B6 /* ResortDetailsView.swift */,
				D43DAC7C2BF9DFA000CB23B6 /* Resort.swift */,
				D41F4AA12BF9AD770008985D /* Assets.xcassets */,
				D41F4AA32BF9AD770008985D /* Preview Content */,
			);
			path = SnowSeeker;
			sourceTree = "<group>";
		};
		D41F4AA32BF9AD770008985D /* Preview Content */ = {
			isa = PBXGroup;
			children = (
				D41F4AA42BF9AD770008985D /* Preview Assets.xcassets */,
			);
			path = "Preview Content";
			sourceTree = "<group>";
		};
/* End PBXGroup section */

/* Begin PBXNativeTarget section */
		D41F4A992BF9AD750008985D /* SnowSeeker */ = {
			isa = PBXNativeTarget;
			buildConfigurationList = D41F4AA82BF9AD770008985D /* Build configuration list for PBXNativeTarget "SnowSeeker" */;
			buildPhases = (
				D41F4A962BF9AD750008985D /* Sources */,
				D41F4A972BF9AD750008985D /* Frameworks */,
				D41F4A982BF9AD750008985D /* Resources */,
			);
			buildRules = (
			);
			dependencies = (
			);
			name = SnowSeeker;
			productName = SnowSeeker;
			productReference = D41F4A9A2BF9AD750008985D /* SnowSeeker.app */;
			productType = "com.apple.product-type.application";
		};
/* End PBXNativeTarget section */

/* Begin PBXProject section */
		D41F4A922BF9AD750008985D /* Project object */ = {
			isa = PBXProject;
			attributes = {
				BuildIndependentTargetsInParallel = 1;
				LastSwiftUpdateCheck = 1530;
				LastUpgradeCheck = 1530;
				TargetAttributes = {
					D41F4A992BF9AD750008985D = {
						CreatedOnToolsVersion = 15.3;
					};
				};
			};
			buildConfigurationList = D41F4A952BF9AD750008985D /* Build configuration list for PBXProject "SnowSeeker" */;
			compatibilityVersion = "Xcode 14.0";
			developmentRegion = en;
			hasScannedForEncodings = 0;
			knownRegions = (
				en,
				Base,
			);
			mainGroup = D41F4A912BF9AD750008985D;
			productRefGroup = D41F4A9B2BF9AD750008985D /* Products */;
			projectDirPath = "";
			projectRoot = "";
			targets = (
				D41F4A992BF9AD750008985D /* SnowSeeker */,
			);
		};
/* End PBXProject section */

/* Begin PBXResourcesBuildPhase section */
		D41F4A982BF9AD750008985D /* Resources */ = {
			isa = PBXResourcesBuildPhase;
			buildActionMask = 2147483647;
			files = (
				D43DAC7B2BF9DE9A00CB23B6 /* resorts.json in Resources */,
				D41F4AA52BF9AD770008985D /* Preview Assets.xcassets in Resources */,
				D41F4AA22BF9AD770008985D /* Assets.xcassets in Resources */,
			);
			runOnlyForDeploymentPostprocessing = 0;
		};
/* End PBXResourcesBuildPhase section */

/* Begin PBXSourcesBuildPhase section */
		D41F4A962BF9AD750008985D /* Sources */ = {
			isa = PBXSourcesBuildPhase;
			buildActionMask = 2147483647;
			files = (
				D43DAC812BF9E7E000CB23B6 /* WelcomeView.swift in Sources */,
				D43DAC852BF9E9A500CB23B6 /* SkiDetailsView.swift in Sources */,
				D43DAC872BF9EBB400CB23B6 /* ResortDetailsView.swift in Sources */,
				D4E5C8B62BF9F425000F20DC /* Favorites.swift in Sources */,
				D43DAC892BF9EE6D00CB23B6 /* Facility.swift in Sources */,
				D41F4AA02BF9AD750008985D /* ContentView.swift in Sources */,
				D43DAC7F2BF9DFFB00CB23B6 /* Decodable.swift in Sources */,
				D43DAC832BF9E85000CB23B6 /* ResortView.swift in Sources */,
				D43DAC7D2BF9DFA000CB23B6 /* Resort.swift in Sources */,
				D41F4A9E2BF9AD750008985D /* SnowSeekerApp.swift in Sources */,
			);
			runOnlyForDeploymentPostprocessing = 0;
		};
/* End PBXSourcesBuildPhase section */

/* Begin XCBuildConfiguration section */
		D41F4AA62BF9AD770008985D /* Debug */ = {
			isa = XCBuildConfiguration;
			buildSettings = {
				ALWAYS_SEARCH_USER_PATHS = NO;
				ASSETCATALOG_COMPILER_GENERATE_SWIFT_ASSET_SYMBOL_EXTENSIONS = YES;
				CLANG_ANALYZER_NONNULL = YES;
				CLANG_ANALYZER_NUMBER_OBJECT_CONVERSION = YES_AGGRESSIVE;
				CLANG_CXX_LANGUAGE_STANDARD = "gnu++20";
				CLANG_ENABLE_MODULES = YES;
				CLANG_ENABLE_OBJC_ARC = YES;
				CLANG_ENABLE_OBJC_WEAK = YES;
				CLANG_WARN_BLOCK_CAPTURE_AUTORELEASING = YES;
				CLANG_WARN_BOOL_CONVERSION = YES;
				CLANG_WARN_COMMA = YES;
				CLANG_WARN_CONSTANT_CONVERSION = YES;
				CLANG_WARN_DEPRECATED_OBJC_IMPLEMENTATIONS = YES;
				CLANG_WARN_DIRECT_OBJC_ISA_USAGE = YES_ERROR;
				CLANG_WARN_DOCUMENTATION_COMMENTS = YES;
				CLANG_WARN_EMPTY_BODY = YES;
				CLANG_WARN_ENUM_CONVERSION = YES;
				CLANG_WARN_INFINITE_RECURSION = YES;
				CLANG_WARN_INT_CONVERSION = YES;
				CLANG_WARN_NON_LITERAL_NULL_CONVERSION = YES;
				CLANG_WARN_OBJC_IMPLICIT_RETAIN_SELF = YES;
				CLANG_WARN_OBJC_LITERAL_CONVERSION = YES;
				CLANG_WARN_OBJC_ROOT_CLASS = YES_ERROR;
				CLANG_WARN_QUOTED_INCLUDE_IN_FRAMEWORK_HEADER = YES;
				CLANG_WARN_RANGE_LOOP_ANALYSIS = YES;
				CLANG_WARN_STRICT_PROTOTYPES = YES;
				CLANG_WARN_SUSPICIOUS_MOVE = YES;
				CLANG_WARN_UNGUARDED_AVAILABILITY = YES_AGGRESSIVE;
				CLANG_WARN_UNREACHABLE_CODE = YES;
				CLANG_WARN__DUPLICATE_METHOD_MATCH = YES;
				COPY_PHASE_STRIP = NO;
				DEBUG_INFORMATION_FORMAT = dwarf;
				ENABLE_STRICT_OBJC_MSGSEND = YES;
				ENABLE_TESTABILITY = YES;
				ENABLE_USER_SCRIPT_SANDBOXING = YES;
				GCC_C_LANGUAGE_STANDARD = gnu17;
				GCC_DYNAMIC_NO_PIC = NO;
				GCC_NO_COMMON_BLOCKS = YES;
				GCC_OPTIMIZATION_LEVEL = 0;
				GCC_PREPROCESSOR_DEFINITIONS = (
					"DEBUG=1",
					"$(inherited)",
				);
				GCC_WARN_64_TO_32_BIT_CONVERSION = YES;
				GCC_WARN_ABOUT_RETURN_TYPE = YES_ERROR;
				GCC_WARN_UNDECLARED_SELECTOR = YES;
				GCC_WARN_UNINITIALIZED_AUTOS = YES_AGGRESSIVE;
				GCC_WARN_UNUSED_FUNCTION = YES;
				GCC_WARN_UNUSED_VARIABLE = YES;
				IPHONEOS_DEPLOYMENT_TARGET = 17.4;
				LOCALIZATION_PREFERS_STRING_CATALOGS = YES;
				MTL_ENABLE_DEBUG_INFO = INCLUDE_SOURCE;
				MTL_FAST_MATH = YES;
				ONLY_ACTIVE_ARCH = YES;
				SDKROOT = iphoneos;
				SWIFT_ACTIVE_COMPILATION_CONDITIONS = "DEBUG $(inherited)";
				SWIFT_OPTIMIZATION_LEVEL = "-Onone";
			};
			name = Debug;
		};
		D41F4AA72BF9AD770008985D /* Release */ = {
			isa = XCBuildConfiguration;
			buildSettings = {
				ALWAYS_SEARCH_USER_PATHS = NO;
				ASSETCATALOG_COMPILER_GENERATE_SWIFT_ASSET_SYMBOL_EXTENSIONS = YES;
				CLANG_ANALYZER_NONNULL = YES;
				CLANG_ANALYZER_NUMBER_OBJECT_CONVERSION = YES_AGGRESSIVE;
				CLANG_CXX_LANGUAGE_STANDARD = "gnu++20";
				CLANG_ENABLE_MODULES = YES;
				CLANG_ENABLE_OBJC_ARC = YES;
				CLANG_ENABLE_OBJC_WEAK = YES;
				CLANG_WARN_BLOCK_CAPTURE_AUTORELEASING = YES;
				CLANG_WARN_BOOL_CONVERSION = YES;
				CLANG_WARN_COMMA = YES;
				CLANG_WARN_CONSTANT_CONVERSION = YES;
				CLANG_WARN_DEPRECATED_OBJC_IMPLEMENTATIONS = YES;
				CLANG_WARN_DIRECT_OBJC_ISA_USAGE = YES_ERROR;
				CLANG_WARN_DOCUMENTATION_COMMENTS = YES;
				CLANG_WARN_EMPTY_BODY = YES;
				CLANG_WARN_ENUM_CONVERSION = YES;
				CLANG_WARN_INFINITE_RECURSION = YES;
				CLANG_WARN_INT_CONVERSION = YES;
				CLANG_WARN_NON_LITERAL_NULL_CONVERSION = YES;
				CLANG_WARN_OBJC_IMPLICIT_RETAIN_SELF = YES;
				CLANG_WARN_OBJC_LITERAL_CONVERSION = YES;
				CLANG_WARN_OBJC_ROOT_CLASS = YES_ERROR;
				CLANG_WARN_QUOTED_INCLUDE_IN_FRAMEWORK_HEADER = YES;
				CLANG_WARN_RANGE_LOOP_ANALYSIS = YES;
				CLANG_WARN_STRICT_PROTOTYPES = YES;
				CLANG_WARN_SUSPICIOUS_MOVE = YES;
				CLANG_WARN_UNGUARDED_AVAILABILITY = YES_AGGRESSIVE;
				CLANG_WARN_UNREACHABLE_CODE = YES;
				CLANG_WARN__DUPLICATE_METHOD_MATCH = YES;
				COPY_PHASE_STRIP = NO;
				DEBUG_INFORMATION_FORMAT = "dwarf-with-dsym";
				ENABLE_NS_ASSERTIONS = NO;
				ENABLE_STRICT_OBJC_MSGSEND = YES;
				ENABLE_USER_SCRIPT_SANDBOXING = YES;
				GCC_C_LANGUAGE_STANDARD = gnu17;
				GCC_NO_COMMON_BLOCKS = YES;
				GCC_WARN_64_TO_32_BIT_CONVERSION = YES;
				GCC_WARN_ABOUT_RETURN_TYPE = YES_ERROR;
				GCC_WARN_UNDECLARED_SELECTOR = YES;
				GCC_WARN_UNINITIALIZED_AUTOS = YES_AGGRESSIVE;
				GCC_WARN_UNUSED_FUNCTION = YES;
				GCC_WARN_UNUSED_VARIABLE = YES;
				IPHONEOS_DEPLOYMENT_TARGET = 17.4;
				LOCALIZATION_PREFERS_STRING_CATALOGS = YES;
				MTL_ENABLE_DEBUG_INFO = NO;
				MTL_FAST_MATH = YES;
				SDKROOT = iphoneos;
				SWIFT_COMPILATION_MODE = wholemodule;
				VALIDATE_PRODUCT = YES;
			};
			name = Release;
		};
		D41F4AA92BF9AD770008985D /* Debug */ = {
			isa = XCBuildConfiguration;
			buildSettings = {
				ASSETCATALOG_COMPILER_APPICON_NAME = AppIcon;
				ASSETCATALOG_COMPILER_GLOBAL_ACCENT_COLOR_NAME = AccentColor;
				CODE_SIGN_STYLE = Automatic;
				CURRENT_PROJECT_VERSION = 1;
				DEVELOPMENT_ASSET_PATHS = "\"SnowSeeker/Preview Content\"";
				DEVELOPMENT_TEAM = G6RC3DWNFW;
				ENABLE_PREVIEWS = YES;
				GENERATE_INFOPLIST_FILE = YES;
				INFOPLIST_KEY_UIApplicationSceneManifest_Generation = YES;
				INFOPLIST_KEY_UIApplicationSupportsIndirectInputEvents = YES;
				INFOPLIST_KEY_UILaunchScreen_Generation = YES;
				INFOPLIST_KEY_UISupportedInterfaceOrientations_iPad = "UIInterfaceOrientationPortrait UIInterfaceOrientationPortraitUpsideDown UIInterfaceOrientationLandscapeLeft UIInterfaceOrientationLandscapeRight";
				INFOPLIST_KEY_UISupportedInterfaceOrientations_iPhone = "UIInterfaceOrientationPortrait UIInterfaceOrientationLandscapeLeft UIInterfaceOrientationLandscapeRight";
				IPHONEOS_DEPLOYMENT_TARGET = 17.2;
				LD_RUNPATH_SEARCH_PATHS = (
					"$(inherited)",
					"@executable_path/Frameworks",
				);
				MARKETING_VERSION = 1.0;
				PRODUCT_BUNDLE_IDENTIFIER = site.xuwenchao.SnowSeeker;
				PRODUCT_NAME = "$(TARGET_NAME)";
				SWIFT_EMIT_LOC_STRINGS = YES;
				SWIFT_VERSION = 5.0;
				TARGETED_DEVICE_FAMILY = "1,2";
			};
			name = Debug;
		};
		D41F4AAA2BF9AD770008985D /* Release */ = {
			isa = XCBuildConfiguration;
			buildSettings = {
				ASSETCATALOG_COMPILER_APPICON_NAME = AppIcon;
				ASSETCATALOG_COMPILER_GLOBAL_ACCENT_COLOR_NAME = AccentColor;
				CODE_SIGN_STYLE = Automatic;
				CURRENT_PROJECT_VERSION = 1;
				DEVELOPMENT_ASSET_PATHS = "\"SnowSeeker/Preview Content\"";
				DEVELOPMENT_TEAM = G6RC3DWNFW;
				ENABLE_PREVIEWS = YES;
				GENERATE_INFOPLIST_FILE = YES;
				INFOPLIST_KEY_UIApplicationSceneManifest_Generation = YES;
				INFOPLIST_KEY_UIApplicationSupportsIndirectInputEvents = YES;
				INFOPLIST_KEY_UILaunchScreen_Generation = YES;
				INFOPLIST_KEY_UISupportedInterfaceOrientations_iPad = "UIInterfaceOrientationPortrait UIInterfaceOrientationPortraitUpsideDown UIInterfaceOrientationLandscapeLeft UIInterfaceOrientationLandscapeRight";
				INFOPLIST_KEY_UISupportedInterfaceOrientations_iPhone = "UIInterfaceOrientationPortrait UIInterfaceOrientationLandscapeLeft UIInterfaceOrientationLandscapeRight";
				IPHONEOS_DEPLOYMENT_TARGET = 17.2;
				LD_RUNPATH_SEARCH_PATHS = (
					"$(inherited)",
					"@executable_path/Frameworks",
				);
				MARKETING_VERSION = 1.0;
				PRODUCT_BUNDLE_IDENTIFIER = site.xuwenchao.SnowSeeker;
				PRODUCT_NAME = "$(TARGET_NAME)";
				SWIFT_EMIT_LOC_STRINGS = YES;
				SWIFT_VERSION = 5.0;
				TARGETED_DEVICE_FAMILY = "1,2";
			};
			name = Release;
		};
/* End XCBuildConfiguration section */

/* Begin XCConfigurationList section */
		D41F4A952BF9AD750008985D /* Build configuration list for PBXProject "SnowSeeker" */ = {
			isa = XCConfigurationList;
			buildConfigurations = (
				D41F4AA62BF9AD770008985D /* Debug */,
				D41F4AA72BF9AD770008985D /* Release */,
			);
			defaultConfigurationIsVisible = 0;
			defaultConfigurationName = Release;
		};
		D41F4AA82BF9AD770008985D /* Build configuration list for PBXNativeTarget "SnowSeeker" */ = {
			isa = XCConfigurationList;
			buildConfigurations = (
				D41F4AA92BF9AD770008985D /* Debug */,
				D41F4AAA2BF9AD770008985D /* Release */,
			);
			defaultConfigurationIsVisible = 0;
			defaultConfigurationName = Release;
		};
/* End XCConfigurationList section */
	};
	rootObject = D41F4A922BF9AD750008985D /* Project object */;
}
